// !$*UTF8*$!
{
	archiveVersion = 1;
	classes = {
	};
	objectVersion = 50;
	objects = {

/* Begin PBXBuildFile section */
		F4C64DEF257F652700A420DB /* AppDelegate.swift in Sources */ = {isa = PBXBuildFile; fileRef = F4C64DEE257F652700A420DB /* AppDelegate.swift */; };
		F4C64DF8257F652700A420DB /* Assets.xcassets in Resources */ = {isa = PBXBuildFile; fileRef = F4C64DF7257F652700A420DB /* Assets.xcassets */; };
		F4C64DFB257F652700A420DB /* LaunchScreen.storyboard in Resources */ = {isa = PBXBuildFile; fileRef = F4C64DF9257F652700A420DB /* LaunchScreen.storyboard */; };
		F4C64E0D257F662700A420DB /* CounterViewController.swift in Sources */ = {isa = PBXBuildFile; fileRef = F4C64E0C257F662700A420DB /* CounterViewController.swift */; };
		F4C64E12257F672400A420DB /* Color.swift in Sources */ = {isa = PBXBuildFile; fileRef = F4C64E11257F672400A420DB /* Color.swift */; };
		F4D2CC64258233DE0065A8FA /* InfoPlist.strings in Resources */ = {isa = PBXBuildFile; fileRef = F4D2CC66258233DE0065A8FA /* InfoPlist.strings */; };
		F4D2CC6D258234320065A8FA /* Localizable.strings in Resources */ = {isa = PBXBuildFile; fileRef = F4D2CC6F258234320065A8FA /* Localizable.strings */; };
		F4D2CC74258234BE0065A8FA /* String+Localized.swift in Sources */ = {isa = PBXBuildFile; fileRef = F4D2CC73258234BE0065A8FA /* String+Localized.swift */; };
/* End PBXBuildFile section */

/* Begin PBXFileReference section */
		F4C64DEB257F652700A420DB /* Counter.app */ = {isa = PBXFileReference; explicitFileType = wrapper.application; includeInIndex = 0; path = Counter.app; sourceTree = BUILT_PRODUCTS_DIR; };
		F4C64DEE257F652700A420DB /* AppDelegate.swift */ = {isa = PBXFileReference; lastKnownFileType = sourcecode.swift; path = AppDelegate.swift; sourceTree = "<group>"; };
		F4C64DF7257F652700A420DB /* Assets.xcassets */ = {isa = PBXFileReference; lastKnownFileType = folder.assetcatalog; path = Assets.xcassets; sourceTree = "<group>"; };
		F4C64DFA257F652700A420DB /* Base */ = {isa = PBXFileReference; lastKnownFileType = file.storyboard; name = Base; path = Base.lproj/LaunchScreen.storyboard; sourceTree = "<group>"; };
		F4C64DFC257F652700A420DB /* Info.plist */ = {isa = PBXFileReference; lastKnownFileType = text.plist.xml; path = Info.plist; sourceTree = "<group>"; };
		F4C64E0C257F662700A420DB /* CounterViewController.swift */ = {isa = PBXFileReference; lastKnownFileType = sourcecode.swift; path = CounterViewController.swift; sourceTree = "<group>"; };
		F4C64E11257F672400A420DB /* Color.swift */ = {isa = PBXFileReference; lastKnownFileType = sourcecode.swift; path = Color.swift; sourceTree = "<group>"; };
		F4D2CC5F2582339D0065A8FA /* zh-Hans */ = {isa = PBXFileReference; lastKnownFileType = text.plist.strings; name = "zh-Hans"; path = "zh-Hans.lproj/LaunchScreen.strings"; sourceTree = "<group>"; };
		F4D2CC65258233DE0065A8FA /* zh-Hans */ = {isa = PBXFileReference; lastKnownFileType = text.plist.strings; name = "zh-Hans"; path = "zh-Hans.lproj/InfoPlist.strings"; sourceTree = "<group>"; };
		F4D2CC68258233E30065A8FA /* en */ = {isa = PBXFileReference; lastKnownFileType = text.plist.strings; name = en; path = en.lproj/InfoPlist.strings; sourceTree = "<group>"; };
		F4D2CC6E258234320065A8FA /* en */ = {isa = PBXFileReference; lastKnownFileType = text.plist.strings; name = en; path = en.lproj/Localizable.strings; sourceTree = "<group>"; };
		F4D2CC71258234350065A8FA /* zh-Hans */ = {isa = PBXFileReference; lastKnownFileType = text.plist.strings; name = "zh-Hans"; path = "zh-Hans.lproj/Localizable.strings"; sourceTree = "<group>"; };
		F4D2CC73258234BE0065A8FA /* String+Localized.swift */ = {isa = PBXFileReference; lastKnownFileType = sourcecode.swift; path = "String+Localized.swift"; sourceTree = "<group>"; };
/* End PBXFileReference section */

/* Begin PBXFrameworksBuildPhase section */
		F4C64DE8257F652700A420DB /* Frameworks */ = {
			isa = PBXFrameworksBuildPhase;
			buildActionMask = 2147483647;
			files = (
			);
			runOnlyForDeploymentPostprocessing = 0;
		};
/* End PBXFrameworksBuildPhase section */

/* Begin PBXGroup section */
		F4C64DE2257F652700A420DB = {
			isa = PBXGroup;
			children = (
				F4C64DED257F652700A420DB /* Counter */,
				F4C64DEC257F652700A420DB /* Products */,
			);
			sourceTree = "<group>";
		};
		F4C64DEC257F652700A420DB /* Products */ = {
			isa = PBXGroup;
			children = (
				F4C64DEB257F652700A420DB /* Counter.app */,
			);
			name = Products;
			sourceTree = "<group>";
		};
		F4C64DED257F652700A420DB /* Counter */ = {
			isa = PBXGroup;
			children = (
				F4C64E05257F655300A420DB /* Source */,
				F4C64E03257F654200A420DB /* Resources */,
			);
			path = Counter;
			sourceTree = "<group>";
		};
		F4C64E03257F654200A420DB /* Resources */ = {
			isa = PBXGroup;
			children = (
				F4C64DF7257F652700A420DB /* Assets.xcassets */,
				F4C64DF9257F652700A420DB /* LaunchScreen.storyboard */,
				F4C64DFC257F652700A420DB /* Info.plist */,
				F4D2CC66258233DE0065A8FA /* InfoPlist.strings */,
				F4D2CC6F258234320065A8FA /* Localizable.strings */,
			);
			path = Resources;
			sourceTree = "<group>";
		};
		F4C64E05257F655300A420DB /* Source */ = {
			isa = PBXGroup;
			children = (
				F4C64DEE257F652700A420DB /* AppDelegate.swift */,
				F4C64E10257F671500A420DB /* Utill */,
				F4C64E08257F657800A420DB /* ViewController */,
				F4C64E15257F6AC100A420DB /* View */,
			);
			path = Source;
			sourceTree = "<group>";
		};
		F4C64E08257F657800A420DB /* ViewController */ = {
			isa = PBXGroup;
			children = (
				F4C64E0C257F662700A420DB /* CounterViewController.swift */,
			);
			path = ViewController;
			sourceTree = "<group>";
		};
		F4C64E10257F671500A420DB /* Utill */ = {
			isa = PBXGroup;
			children = (
				F4C64E11257F672400A420DB /* Color.swift */,
				F4D2CC73258234BE0065A8FA /* String+Localized.swift */,
			);
			path = Utill;
			sourceTree = "<group>";
		};
		F4C64E15257F6AC100A420DB /* View */ = {
			isa = PBXGroup;
			children = (
			);
			path = View;
			sourceTree = "<group>";
		};
/* End PBXGroup section */

/* Begin PBXNativeTarget section */
		F4C64DEA257F652700A420DB /* Counter */ = {
			isa = PBXNativeTarget;
			buildConfigurationList = F4C64DFF257F652700A420DB /* Build configuration list for PBXNativeTarget "Counter" */;
			buildPhases = (
				F4C64DE7257F652700A420DB /* Sources */,
				F4C64DE8257F652700A420DB /* Frameworks */,
				F4C64DE9257F652700A420DB /* Resources */,
			);
			buildRules = (
			);
			dependencies = (
			);
			name = Counter;
			productName = Counter;
			productReference = F4C64DEB257F652700A420DB /* Counter.app */;
			productType = "com.apple.product-type.application";
		};
/* End PBXNativeTarget section */

/* Begin PBXProject section */
		F4C64DE3257F652700A420DB /* Project object */ = {
			isa = PBXProject;
			attributes = {
				LastSwiftUpdateCheck = 1220;
				LastUpgradeCheck = 1220;
				TargetAttributes = {
					F4C64DEA257F652700A420DB = {
						CreatedOnToolsVersion = 12.2;
					};
				};
			};
			buildConfigurationList = F4C64DE6257F652700A420DB /* Build configuration list for PBXProject "Counter" */;
			compatibilityVersion = "Xcode 9.3";
			developmentRegion = en;
			hasScannedForEncodings = 0;
			knownRegions = (
				en,
				Base,
				"zh-Hans",
			);
			mainGroup = F4C64DE2257F652700A420DB;
			productRefGroup = F4C64DEC257F652700A420DB /* Products */;
			projectDirPath = "";
			projectRoot = "";
			targets = (
				F4C64DEA257F652700A420DB /* Counter */,
			);
		};
/* End PBXProject section */

/* Begin PBXResourcesBuildPhase section */
		F4C64DE9257F652700A420DB /* Resources */ = {
			isa = PBXResourcesBuildPhase;
			buildActionMask = 2147483647;
			files = (
				F4C64DFB257F652700A420DB /* LaunchScreen.storyboard in Resources */,
				F4D2CC6D258234320065A8FA /* Localizable.strings in Resources */,
				F4D2CC64258233DE0065A8FA /* InfoPlist.strings in Resources */,
				F4C64DF8257F652700A420DB /* Assets.xcassets in Resources */,
			);
			runOnlyForDeploymentPostprocessing = 0;
		};
/* End PBXResourcesBuildPhase section */

/* Begin PBXSourcesBuildPhase section */
		F4C64DE7257F652700A420DB /* Sources */ = {
			isa = PBXSourcesBuildPhase;
			buildActionMask = 2147483647;
			files = (
				F4C64E12257F672400A420DB /* Color.swift in Sources */,
				F4C64DEF257F652700A420DB /* AppDelegate.swift in Sources */,
				F4D2CC74258234BE0065A8FA /* String+Localized.swift in Sources */,
				F4C64E0D257F662700A420DB /* CounterViewController.swift in Sources */,
			);
			runOnlyForDeploymentPostprocessing = 0;
		};
/* End PBXSourcesBuildPhase section */

/* Begin PBXVariantGroup section */
		F4C64DF9257F652700A420DB /* LaunchScreen.storyboard */ = {
			isa = PBXVariantGroup;
			children = (
				F4C64DFA257F652700A420DB /* Base */,
				F4D2CC5F2582339D0065A8FA /* zh-Hans */,
			);
			name = LaunchScreen.storyboard;
			sourceTree = "<group>";
		};
		F4D2CC66258233DE0065A8FA /* InfoPlist.strings */ = {
			isa = PBXVariantGroup;
			children = (
				F4D2CC65258233DE0065A8FA /* zh-Hans */,
				F4D2CC68258233E30065A8FA /* en */,
			);
			name = InfoPlist.strings;
			sourceTree = "<group>";
		};
		F4D2CC6F258234320065A8FA /* Localizable.strings */ = {
			isa = PBXVariantGroup;
			children = (
				F4D2CC6E258234320065A8FA /* en */,
				F4D2CC71258234350065A8FA /* zh-Hans */,
			);
			name = Localizable.strings;
			sourceTree = "<group>";
		};
/* End PBXVariantGroup section */

/* Begin XCBuildConfiguration section */
		F4C64DFD257F652700A420DB /* Debug */ = {
			isa = XCBuildConfiguration;
			buildSettings = {
				ALWAYS_SEARCH_USER_PATHS = NO;
				CLANG_ANALYZER_LOCALIZABILITY_NONLOCALIZED = YES;
				CLANG_ANALYZER_NONNULL = YES;
				CLANG_ANALYZER_NUMBER_OBJECT_CONVERSION = YES_AGGRESSIVE;
				CLANG_CXX_LANGUAGE_STANDARD = "gnu++14";
				CLANG_CXX_LIBRARY = "libc++";
				CLANG_ENABLE_MODULES = YES;
				CLANG_ENABLE_OBJC_ARC = YES;
				CLANG_ENABLE_OBJC_WEAK = YES;
				CLANG_WARN_BLOCK_CAPTURE_AUTORELEASING = YES;
				CLANG_WARN_BOOL_CONVERSION = YES;
				CLANG_WARN_COMMA = YES;
				CLANG_WARN_CONSTANT_CONVERSION = YES;
				CLANG_WARN_DEPRECATED_OBJC_IMPLEMENTATIONS = YES;
				CLANG_WARN_DIRECT_OBJC_ISA_USAGE = YES_ERROR;
				CLANG_WARN_DOCUMENTATION_COMMENTS = YES;
				CLANG_WARN_EMPTY_BODY = YES;
				CLANG_WARN_ENUM_CONVERSION = YES;
				CLANG_WARN_INFINITE_RECURSION = YES;
				CLANG_WARN_INT_CONVERSION = YES;
				CLANG_WARN_NON_LITERAL_NULL_CONVERSION = YES;
				CLANG_WARN_OBJC_IMPLICIT_RETAIN_SELF = YES;
				CLANG_WARN_OBJC_LITERAL_CONVERSION = YES;
				CLANG_WARN_OBJC_ROOT_CLASS = YES_ERROR;
				CLANG_WARN_QUOTED_INCLUDE_IN_FRAMEWORK_HEADER = YES;
				CLANG_WARN_RANGE_LOOP_ANALYSIS = YES;
				CLANG_WARN_STRICT_PROTOTYPES = YES;
				CLANG_WARN_SUSPICIOUS_MOVE = YES;
				CLANG_WARN_UNGUARDED_AVAILABILITY = YES_AGGRESSIVE;
				CLANG_WARN_UNREACHABLE_CODE = YES;
				CLANG_WARN__DUPLICATE_METHOD_MATCH = YES;
				COPY_PHASE_STRIP = NO;
				DEBUG_INFORMATION_FORMAT = dwarf;
				ENABLE_STRICT_OBJC_MSGSEND = YES;
				ENABLE_TESTABILITY = YES;
				GCC_C_LANGUAGE_STANDARD = gnu11;
				GCC_DYNAMIC_NO_PIC = NO;
				GCC_NO_COMMON_BLOCKS = YES;
				GCC_OPTIMIZATION_LEVEL = 0;
				GCC_PREPROCESSOR_DEFINITIONS = (
					"DEBUG=1",
					"$(inherited)",
				);
				GCC_WARN_64_TO_32_BIT_CONVERSION = YES;
				GCC_WARN_ABOUT_RETURN_TYPE = YES_ERROR;
				GCC_WARN_UNDECLARED_SELECTOR = YES;
				GCC_WARN_UNINITIALIZED_AUTOS = YES_AGGRESSIVE;
				GCC_WARN_UNUSED_FUNCTION = YES;
				GCC_WARN_UNUSED_VARIABLE = YES;
				IPHONEOS_DEPLOYMENT_TARGET = 14.2;
				MTL_ENABLE_DEBUG_INFO = INCLUDE_SOURCE;
				MTL_FAST_MATH = YES;
				ONLY_ACTIVE_ARCH = YES;
				SDKROOT = iphoneos;
				SWIFT_ACTIVE_COMPILATION_CONDITIONS = DEBUG;
				SWIFT_OPTIMIZATION_LEVEL = "-Onone";
			};
			name = Debug;
		};
		F4C64DFE257F652700A420DB /* Release */ = {
			isa = XCBuildConfiguration;
			buildSettings = {
				ALWAYS_SEARCH_USER_PATHS = NO;
				CLANG_ANALYZER_LOCALIZABILITY_NONLOCALIZED = YES;
				CLANG_ANALYZER_NONNULL = YES;
				CLANG_ANALYZER_NUMBER_OBJECT_CONVERSION = YES_AGGRESSIVE;
				CLANG_CXX_LANGUAGE_STANDARD = "gnu++14";
				CLANG_CXX_LIBRARY = "libc++";
				CLANG_ENABLE_MODULES = YES;
				CLANG_ENABLE_OBJC_ARC = YES;
				CLANG_ENABLE_OBJC_WEAK = YES;
				CLANG_WARN_BLOCK_CAPTURE_AUTORELEASING = YES;
				CLANG_WARN_BOOL_CONVERSION = YES;
				CLANG_WARN_COMMA = YES;
				CLANG_WARN_CONSTANT_CONVERSION = YES;
				CLANG_WARN_DEPRECATED_OBJC_IMPLEMENTATIONS = YES;
				CLANG_WARN_DIRECT_OBJC_ISA_USAGE = YES_ERROR;
				CLANG_WARN_DOCUMENTATION_COMMENTS = YES;
				CLANG_WARN_EMPTY_BODY = YES;
				CLANG_WARN_ENUM_CONVERSION = YES;
				CLANG_WARN_INFINITE_RECURSION = YES;
				CLANG_WARN_INT_CONVERSION = YES;
				CLANG_WARN_NON_LITERAL_NULL_CONVERSION = YES;
				CLANG_WARN_OBJC_IMPLICIT_RETAIN_SELF = YES;
				CLANG_WARN_OBJC_LITERAL_CONVERSION = YES;
				CLANG_WARN_OBJC_ROOT_CLASS = YES_ERROR;
				CLANG_WARN_QUOTED_INCLUDE_IN_FRAMEWORK_HEADER = YES;
				CLANG_WARN_RANGE_LOOP_ANALYSIS = YES;
				CLANG_WARN_STRICT_PROTOTYPES = YES;
				CLANG_WARN_SUSPICIOUS_MOVE = YES;
				CLANG_WARN_UNGUARDED_AVAILABILITY = YES_AGGRESSIVE;
				CLANG_WARN_UNREACHABLE_CODE = YES;
				CLANG_WARN__DUPLICATE_METHOD_MATCH = YES;
				COPY_PHASE_STRIP = NO;
				DEBUG_INFORMATION_FORMAT = "dwarf-with-dsym";
				ENABLE_NS_ASSERTIONS = NO;
				ENABLE_STRICT_OBJC_MSGSEND = YES;
				GCC_C_LANGUAGE_STANDARD = gnu11;
				GCC_NO_COMMON_BLOCKS = YES;
				GCC_WARN_64_TO_32_BIT_CONVERSION = YES;
				GCC_WARN_ABOUT_RETURN_TYPE = YES_ERROR;
				GCC_WARN_UNDECLARED_SELECTOR = YES;
				GCC_WARN_UNINITIALIZED_AUTOS = YES_AGGRESSIVE;
				GCC_WARN_UNUSED_FUNCTION = YES;
				GCC_WARN_UNUSED_VARIABLE = YES;
				IPHONEOS_DEPLOYMENT_TARGET = 14.2;
				MTL_ENABLE_DEBUG_INFO = NO;
				MTL_FAST_MATH = YES;
				SDKROOT = iphoneos;
				SWIFT_COMPILATION_MODE = wholemodule;
				SWIFT_OPTIMIZATION_LEVEL = "-O";
				VALIDATE_PRODUCT = YES;
			};
			name = Release;
		};
		F4C64E00257F652700A420DB /* Debug */ = {
			isa = XCBuildConfiguration;
			buildSettings = {
				ASSETCATALOG_COMPILER_APPICON_NAME = AppIcon;
				ASSETCATALOG_COMPILER_GLOBAL_ACCENT_COLOR_NAME = AccentColor;
				CODE_SIGN_STYLE = Automatic;
				CURRENT_PROJECT_VERSION = 2;
				DEVELOPMENT_TEAM = V2NY8R3LME;
				INFOPLIST_FILE = Counter/Resources/Info.plist;
				IPHONEOS_DEPLOYMENT_TARGET = 14.0;
				LD_RUNPATH_SEARCH_PATHS = (
					"$(inherited)",
					"@executable_path/Frameworks",
				);
				PRODUCT_BUNDLE_IDENTIFIER = com.monzy.zhang.Counter;
				PRODUCT_NAME = "$(TARGET_NAME)";
				SWIFT_VERSION = 5.0;
				TARGETED_DEVICE_FAMILY = "1,2";
			};
			name = Debug;
		};
		F4C64E01257F652700A420DB /* Release */ = {
			isa = XCBuildConfiguration;
			buildSettings = {
				ASSETCATALOG_COMPILER_APPICON_NAME = AppIcon;
				ASSETCATALOG_COMPILER_GLOBAL_ACCENT_COLOR_NAME = AccentColor;
				CODE_SIGN_STYLE = Automatic;
				CURRENT_PROJECT_VERSION = 2;
				DEVELOPMENT_TEAM = V2NY8R3LME;
				INFOPLIST_FILE = Counter/Resources/Info.plist;
				IPHONEOS_DEPLOYMENT_TARGET = 14.0;
				LD_RUNPATH_SEARCH_PATHS = (
					"$(inherited)",
					"@executable_path/Frameworks",
				);
				PRODUCT_BUNDLE_IDENTIFIER = com.monzy.zhang.Counter;
				PRODUCT_NAME = "$(TARGET_NAME)";
				SWIFT_VERSION = 5.0;
				TARGETED_DEVICE_FAMILY = "1,2";
			};
			name = Release;
		};
/* End XCBuildConfiguration section */

/* Begin XCConfigurationList section */
		F4C64DE6257F652700A420DB /* Build configuration list for PBXProject "Counter" */ = {
			isa = XCConfigurationList;
			buildConfigurations = (
				F4C64DFD257F652700A420DB /* Debug */,
				F4C64DFE257F652700A420DB /* Release */,
			);
			defaultConfigurationIsVisible = 0;
			defaultConfigurationName = Release;
		};
		F4C64DFF257F652700A420DB /* Build configuration list for PBXNativeTarget "Counter" */ = {
			isa = XCConfigurationList;
			buildConfigurations = (
				F4C64E00257F652700A420DB /* Debug */,
				F4C64E01257F652700A420DB /* Release */,
			);
			defaultConfigurationIsVisible = 0;
			defaultConfigurationName = Release;
		};
/* End XCConfigurationList section */
	};
	rootObject = F4C64DE3257F652700A420DB /* Project object */;
}
